
Microsoft Visual Studio Solution File, Format Version 12.00
# Visual Studio Version 16
VisualStudioVersion = 16.0.29409.12
MinimumVisualStudioVersion = 10.0.40219.1
Project("{9A19103F-16F7-4668-BE54-9A1E7A4F7556}") = "DL", "DL\DL.csproj", "{E648A8BD-C978-48A9-B133-8DB67AD6DBF5}"
EndProject
Project("{9A19103F-16F7-4668-BE54-9A1E7A4F7556}") = "Facade", "Facade\Facade.csproj", "{396C147E-E5ED-4B81-855B-88B73B745B90}"
	ProjectSection(ProjectDependencies) = postProject
		{27B99987-B1AB-40CE-8596-FE7546929C8E} = {27B99987-B1AB-40CE-8596-FE7546929C8E}
	EndProjectSection
EndProject
Project("{9A19103F-16F7-4668-BE54-9A1E7A4F7556}") = "Businessmodels", "Businessmodels\Businessmodels.csproj", "{27B99987-B1AB-40CE-8596-FE7546929C8E}"
EndProject
Project("{9A19103F-16F7-4668-BE54-9A1E7A4F7556}") = "Services", "Services\Services.csproj", "{12E5D3EB-CDB4-4C40-B528-9EC5DC13E221}"
	ProjectSection(ProjectDependencies) = postProject
		{E648A8BD-C978-48A9-B133-8DB67AD6DBF5} = {E648A8BD-C978-48A9-B133-8DB67AD6DBF5}
	EndProjectSection
EndProject
Project("{9A19103F-16F7-4668-BE54-9A1E7A4F7556}") = "API", "API\API.csproj", "{D37D5B7A-8A01-4B15-9528-1F3D53CA221A}"
	ProjectSection(ProjectDependencies) = postProject
		{396C147E-E5ED-4B81-855B-88B73B745B90} = {396C147E-E5ED-4B81-855B-88B73B745B90}
		{12E5D3EB-CDB4-4C40-B528-9EC5DC13E221} = {12E5D3EB-CDB4-4C40-B528-9EC5DC13E221}
	EndProjectSection
EndProject
Project("{2150E333-8FDC-42A3-9474-1A3956D46DE8}") = "01. DAL", "01. DAL", "{E307DDF4-D689-446E-B009-AA12E65BF7CC}"
EndProject
Project("{2150E333-8FDC-42A3-9474-1A3956D46DE8}") = "02. BLL", "02. BLL", "{57CFCD9A-A227-4827-A3F8-82849F31D5E0}"
EndProject
Project("{2150E333-8FDC-42A3-9474-1A3956D46DE8}") = "03. API", "03. API", "{D7B30A4A-73D3-4BD8-A2A8-37BF59E3E850}"
EndProject
Project("{2150E333-8FDC-42A3-9474-1A3956D46DE8}") = "04. Unit-Tests", "04. Unit-Tests", "{3F7530BB-F93B-4ED8-B29E-07434850D78F}"
EndProject
Project("{9A19103F-16F7-4668-BE54-9A1E7A4F7556}") = "NUnitTestProjectBLL", "NUnitTestProjectBackEnd\NUnitTestProjectBLL.csproj", "{5032BAE8-AF0A-417C-9159-478F5A14A28E}"
EndProject
Project("{9A19103F-16F7-4668-BE54-9A1E7A4F7556}") = "NUnitTestProjectAPI", "NUnitTestProjectAPI\NUnitTestProjectAPI.csproj", "{AD4B4B49-EA66-4742-91CA-B224D5E2312D}"
EndProject
Project("{9A19103F-16F7-4668-BE54-9A1E7A4F7556}") = "NUnitTestProject2DAL", "NUnitTestProject2DAL\NUnitTestProject2DAL.csproj", "{6A0F9BFD-F610-4DDC-A7BB-4E35D752E5FC}"
EndProject
Project("{2150E333-8FDC-42A3-9474-1A3956D46DE8}") = "05. SignalRChat", "05. SignalRChat", "{EFCE63DE-513F-4075-B360-140738B34027}"
EndProject
Project("{9A19103F-16F7-4668-BE54-9A1E7A4F7556}") = "SignalRChat", "SignalRChat\SignalRChat.csproj", "{09BB7EB3-A91D-433D-A9A8-453CC33E1E67}"
EndProject
Global
	GlobalSection(SolutionConfigurationPlatforms) = preSolution
		Debug|Any CPU = Debug|Any CPU
		Release|Any CPU = Release|Any CPU
	EndGlobalSection
	GlobalSection(ProjectConfigurationPlatforms) = postSolution
		{E648A8BD-C978-48A9-B133-8DB67AD6DBF5}.Debug|Any CPU.ActiveCfg = Debug|Any CPU
		{E648A8BD-C978-48A9-B133-8DB67AD6DBF5}.Debug|Any CPU.Build.0 = Debug|Any CPU
		{E648A8BD-C978-48A9-B133-8DB67AD6DBF5}.Release|Any CPU.ActiveCfg = Release|Any CPU
		{E648A8BD-C978-48A9-B133-8DB67AD6DBF5}.Release|Any CPU.Build.0 = Release|Any CPU
		{396C147E-E5ED-4B81-855B-88B73B745B90}.Debug|Any CPU.ActiveCfg = Debug|Any CPU
		{396C147E-E5ED-4B81-855B-88B73B745B90}.Debug|Any CPU.Build.0 = Debug|Any CPU
		{396C147E-E5ED-4B81-855B-88B73B745B90}.Release|Any CPU.ActiveCfg = Release|Any CPU
		{396C147E-E5ED-4B81-855B-88B73B745B90}.Release|Any CPU.Build.0 = Release|Any CPU
		{27B99987-B1AB-40CE-8596-FE7546929C8E}.Debug|Any CPU.ActiveCfg = Debug|Any CPU
		{27B99987-B1AB-40CE-8596-FE7546929C8E}.Debug|Any CPU.Build.0 = Debug|Any CPU
		{27B99987-B1AB-40CE-8596-FE7546929C8E}.Release|Any CPU.ActiveCfg = Release|Any CPU
		{27B99987-B1AB-40CE-8596-FE7546929C8E}.Release|Any CPU.Build.0 = Release|Any CPU
		{12E5D3EB-CDB4-4C40-B528-9EC5DC13E221}.Debug|Any CPU.ActiveCfg = Debug|Any CPU
		{12E5D3EB-CDB4-4C40-B528-9EC5DC13E221}.Debug|Any CPU.Build.0 = Debug|Any CPU
		{12E5D3EB-CDB4-4C40-B528-9EC5DC13E221}.Release|Any CPU.ActiveCfg = Release|Any CPU
		{12E5D3EB-CDB4-4C40-B528-9EC5DC13E221}.Release|Any CPU.Build.0 = Release|Any CPU
		{D37D5B7A-8A01-4B15-9528-1F3D53CA221A}.Debug|Any CPU.ActiveCfg = Debug|Any CPU
		{D37D5B7A-8A01-4B15-9528-1F3D53CA221A}.Debug|Any CPU.Build.0 = Debug|Any CPU
		{D37D5B7A-8A01-4B15-9528-1F3D53CA221A}.Release|Any CPU.ActiveCfg = Release|Any CPU
		{D37D5B7A-8A01-4B15-9528-1F3D53CA221A}.Release|Any CPU.Build.0 = Release|Any CPU
		{5032BAE8-AF0A-417C-9159-478F5A14A28E}.Debug|Any CPU.ActiveCfg = Debug|Any CPU
		{5032BAE8-AF0A-417C-9159-478F5A14A28E}.Debug|Any CPU.Build.0 = Debug|Any CPU
		{5032BAE8-AF0A-417C-9159-478F5A14A28E}.Release|Any CPU.ActiveCfg = Release|Any CPU
		{5032BAE8-AF0A-417C-9159-478F5A14A28E}.Release|Any CPU.Build.0 = Release|Any CPU
		{AD4B4B49-EA66-4742-91CA-B224D5E2312D}.Debug|Any CPU.ActiveCfg = Debug|Any CPU
		{AD4B4B49-EA66-4742-91CA-B224D5E2312D}.Debug|Any CPU.Build.0 = Debug|Any CPU
		{AD4B4B49-EA66-4742-91CA-B224D5E2312D}.Release|Any CPU.ActiveCfg = Release|Any CPU
		{AD4B4B49-EA66-4742-91CA-B224D5E2312D}.Release|Any CPU.Build.0 = Release|Any CPU
		{6A0F9BFD-F610-4DDC-A7BB-4E35D752E5FC}.Debug|Any CPU.ActiveCfg = Debug|Any CPU
		{6A0F9BFD-F610-4DDC-A7BB-4E35D752E5FC}.Debug|Any CPU.Build.0 = Debug|Any CPU
		{6A0F9BFD-F610-4DDC-A7BB-4E35D752E5FC}.Release|Any CPU.ActiveCfg = Release|Any CPU
		{6A0F9BFD-F610-4DDC-A7BB-4E35D752E5FC}.Release|Any CPU.Build.0 = Release|Any CPU
		{09BB7EB3-A91D-433D-A9A8-453CC33E1E67}.Debug|Any CPU.ActiveCfg = Debug|Any CPU
		{09BB7EB3-A91D-433D-A9A8-453CC33E1E67}.Debug|Any CPU.Build.0 = Debug|Any CPU
		{09BB7EB3-A91D-433D-A9A8-453CC33E1E67}.Release|Any CPU.ActiveCfg = Release|Any CPU
		{09BB7EB3-A91D-433D-A9A8-453CC33E1E67}.Release|Any CPU.Build.0 = Release|Any CPU
	EndGlobalSection
	GlobalSection(SolutionProperties) = preSolution
		HideSolutionNode = FALSE
	EndGlobalSection
	GlobalSection(NestedProjects) = preSolution
		{E648A8BD-C978-48A9-B133-8DB67AD6DBF5} = {E307DDF4-D689-446E-B009-AA12E65BF7CC}
		{396C147E-E5ED-4B81-855B-88B73B745B90} = {57CFCD9A-A227-4827-A3F8-82849F31D5E0}
		{27B99987-B1AB-40CE-8596-FE7546929C8E} = {57CFCD9A-A227-4827-A3F8-82849F31D5E0}
		{12E5D3EB-CDB4-4C40-B528-9EC5DC13E221} = {57CFCD9A-A227-4827-A3F8-82849F31D5E0}
		{D37D5B7A-8A01-4B15-9528-1F3D53CA221A} = {D7B30A4A-73D3-4BD8-A2A8-37BF59E3E850}
		{5032BAE8-AF0A-417C-9159-478F5A14A28E} = {3F7530BB-F93B-4ED8-B29E-07434850D78F}
		{AD4B4B49-EA66-4742-91CA-B224D5E2312D} = {3F7530BB-F93B-4ED8-B29E-07434850D78F}
		{6A0F9BFD-F610-4DDC-A7BB-4E35D752E5FC} = {3F7530BB-F93B-4ED8-B29E-07434850D78F}
		{09BB7EB3-A91D-433D-A9A8-453CC33E1E67} = {EFCE63DE-513F-4075-B360-140738B34027}
	EndGlobalSection
	GlobalSection(ExtensibilityGlobals) = postSolution
		SolutionGuid = {ED4FBDDC-F22B-49B3-8CAC-C423C77C0002}
	EndGlobalSection
EndGlobal
